{
  "requires": true,
  "lockfileVersion": 1,
  "dependencies": {
    "react-awesome-spinners": {
      "version": "1.3.1",
      "resolved": "https://registry.npmjs.org/react-awesome-spinners/-/react-awesome-spinners-1.3.1.tgz",
      "integrity": "sha512-O44zwdMlpXP8Ty8AvFNvl0ABgIOcyiwqZlf3XkdmK2uhn8q/I8ozfJvWADl/i5PsjwaRdpmhaodCc32ZyH1icw=="
    }
  }
}
